# This file was autogenerated by Stack.
# You should not edit this file by hand.
# For more information, please see the documentation at:
#   https://docs.haskellstack.org/en/stable/lock_files

packages:
- completed:
    hackage: process-1.6.11.0@sha256:472c51a8903b55b1b423e7e4050facd1dce5e323fd81e5953f02ca500bb9d58c,2819
    pantry-tree:
      size: 1283
      sha256: ff658d75f142515e99bd057382204452445b8e2c1e8003acfd6a30637f42293a
  original:
    hackage: process-1.6.11.0@sha256:472c51a8903b55b1b423e7e4050facd1dce5e323fd81e5953f02ca500bb9d58c,2819
- completed:
    hackage: directory-1.3.6.1@sha256:f2acb73dd32f696da0d8228258d37ab654b804f20117a75f25c76fd05fe2c2e5,2940
    pantry-tree:
      size: 3433
      sha256: dd293818286bc0e4b4f29d095f3a8ba91c9d01d846087d29b7150a72706ae96e
  original:
    hackage: directory-1.3.6.1@sha256:f2acb73dd32f696da0d8228258d37ab654b804f20117a75f25c76fd05fe2c2e5,2940
- completed:
    hackage: time-1.11.1.1@sha256:bdd516b0c30b12426053186c4c38d76b05c274f3a427e654cdc1ddd23a4d6f85,6230
    pantry-tree:
      size: 7048
      sha256: 04bf2b9908eb9edda29acb9af7637737c068aeb1a2e510e9a48444d55a7346a5
  original:
    hackage: time-1.11.1.1@sha256:bdd516b0c30b12426053186c4c38d76b05c274f3a427e654cdc1ddd23a4d6f85,6230
snapshots:
- completed:
    size: 587113
    url: https://raw.githubusercontent.com/commercialhaskell/stackage-snapshots/master/lts/18/6.yaml
    sha256: f74c482d7c93739ecf3abfbc0f2dea1c20a2dfb2462c689846ed55a9653b66f7
  original:
    url: https://raw.githubusercontent.com/commercialhaskell/stackage-snapshots/master/lts/18/6.yaml
